
Microsoft Visual Studio Solution File, Format Version 12.00
# Visual Studio Version 17
VisualStudioVersion = 17.8.34408.163
MinimumVisualStudioVersion = 10.0.40219.1
Project("{2150E333-8FDC-42A3-9474-1A3956D46DE8}") = "src", "src", "{79EDC3F8-3A4B-4EF0-BB76-E31916096616}"
EndProject
Project("{2150E333-8FDC-42A3-9474-1A3956D46DE8}") = "test", "test", "{2B865E88-DD8B-4161-A84B-AE1D7CDC0518}"
EndProject
Project("{2150E333-8FDC-42A3-9474-1A3956D46DE8}") = "API", "API", "{A6B0FC28-9B31-4F05-960A-C1937DF459C2}"
EndProject
Project("{2150E333-8FDC-42A3-9474-1A3956D46DE8}") = "Core", "Core", "{E065343A-EC82-4108-97DF-344ADBF37B4B}"
EndProject
Project("{2150E333-8FDC-42A3-9474-1A3956D46DE8}") = "Infrastructure", "Infrastructure", "{5B83D20E-C45B-4B1C-B751-3C0AF6D22DE9}"
EndProject
Project("{2150E333-8FDC-42A3-9474-1A3956D46DE8}") = "UI", "UI", "{752081E0-1E10-49CC-AB9A-67E3F86740A4}"
EndProject
Project("{FAE04EC0-301F-11D3-BF4B-00C04F79EFBC}") = "HR.Leavemanagement.domain", "HR.Leavemanagement.domain\HR.Leavemanagement.domain.csproj", "{6A4A87AB-779F-4FFD-B57B-AEF7D6A092E5}"
EndProject
Project("{FAE04EC0-301F-11D3-BF4B-00C04F79EFBC}") = "HR.Leavemanagement.Application", "HR.Leavemanagement.Application\HR.Leavemanagement.Application.csproj", "{0DD9C479-E1E6-4EA5-ADF7-D4C16574E876}"
EndProject
Global
	GlobalSection(SolutionConfigurationPlatforms) = preSolution
		Debug|Any CPU = Debug|Any CPU
		Release|Any CPU = Release|Any CPU
	EndGlobalSection
	GlobalSection(ProjectConfigurationPlatforms) = postSolution
		{6A4A87AB-779F-4FFD-B57B-AEF7D6A092E5}.Debug|Any CPU.ActiveCfg = Debug|Any CPU
		{6A4A87AB-779F-4FFD-B57B-AEF7D6A092E5}.Debug|Any CPU.Build.0 = Debug|Any CPU
		{6A4A87AB-779F-4FFD-B57B-AEF7D6A092E5}.Release|Any CPU.ActiveCfg = Release|Any CPU
		{6A4A87AB-779F-4FFD-B57B-AEF7D6A092E5}.Release|Any CPU.Build.0 = Release|Any CPU
		{0DD9C479-E1E6-4EA5-ADF7-D4C16574E876}.Debug|Any CPU.ActiveCfg = Debug|Any CPU
		{0DD9C479-E1E6-4EA5-ADF7-D4C16574E876}.Debug|Any CPU.Build.0 = Debug|Any CPU
		{0DD9C479-E1E6-4EA5-ADF7-D4C16574E876}.Release|Any CPU.ActiveCfg = Release|Any CPU
		{0DD9C479-E1E6-4EA5-ADF7-D4C16574E876}.Release|Any CPU.Build.0 = Release|Any CPU
	EndGlobalSection
	GlobalSection(SolutionProperties) = preSolution
		HideSolutionNode = FALSE
	EndGlobalSection
	GlobalSection(NestedProjects) = preSolution
		{A6B0FC28-9B31-4F05-960A-C1937DF459C2} = {79EDC3F8-3A4B-4EF0-BB76-E31916096616}
		{E065343A-EC82-4108-97DF-344ADBF37B4B} = {79EDC3F8-3A4B-4EF0-BB76-E31916096616}
		{5B83D20E-C45B-4B1C-B751-3C0AF6D22DE9} = {79EDC3F8-3A4B-4EF0-BB76-E31916096616}
		{752081E0-1E10-49CC-AB9A-67E3F86740A4} = {79EDC3F8-3A4B-4EF0-BB76-E31916096616}
		{6A4A87AB-779F-4FFD-B57B-AEF7D6A092E5} = {E065343A-EC82-4108-97DF-344ADBF37B4B}
		{0DD9C479-E1E6-4EA5-ADF7-D4C16574E876} = {E065343A-EC82-4108-97DF-344ADBF37B4B}
	EndGlobalSection
	GlobalSection(ExtensibilityGlobals) = postSolution
		SolutionGuid = {4FE46B4E-8170-42A9-AB7E-0001A0ED39DF}
	EndGlobalSection
EndGlobal
